
Microsoft Visual Studio Solution File, Format Version 12.00
# Visual Studio Version 17
VisualStudioVersion = 17.8.34511.84
MinimumVisualStudioVersion = 10.0.40219.1
Project("{FAE04EC0-301F-11D3-BF4B-00C04F79EFBC}") = "LeaveManagement.Web", "LeaveManagement.Web\LeaveManagement.Web.csproj", "{F7C77CB9-51E3-485A-9FB3-C93EBB73DCC2}"
EndProject
Global
	GlobalSection(SolutionConfigurationPlatforms) = preSolution
		Debug|Any CPU = Debug|Any CPU
		Release|Any CPU = Release|Any CPU
	EndGlobalSection
	GlobalSection(ProjectConfigurationPlatforms) = postSolution
		{F7C77CB9-51E3-485A-9FB3-C93EBB73DCC2}.Debug|Any CPU.ActiveCfg = Debug|Any CPU
		{F7C77CB9-51E3-485A-9FB3-C93EBB73DCC2}.Debug|Any CPU.Build.0 = Debug|Any CPU
		{F7C77CB9-51E3-485A-9FB3-C93EBB73DCC2}.Release|Any CPU.ActiveCfg = Release|Any CPU
		{F7C77CB9-51E3-485A-9FB3-C93EBB73DCC2}.Release|Any CPU.Build.0 = Release|Any CPU
	EndGlobalSection
	GlobalSection(SolutionProperties) = preSolution
		HideSolutionNode = FALSE
	EndGlobalSection
	GlobalSection(ExtensibilityGlobals) = postSolution
		SolutionGuid = {0F3243E7-4EFB-44E3-883D-DF17674C7CBE}
	EndGlobalSection
EndGlobal
